
Microsoft Visual Studio Solution File, Format Version 12.00
# Visual Studio 15
VisualStudioVersion = 15.0.28010.2046
MinimumVisualStudioVersion = 10.0.40219.1
Project("{8BC9CEB8-8B4A-11D0-8D11-00A0C91BC942}") = "2-22-linkedList", "2-22-linkedList\2-22-linkedList.vcxproj", "{A91DE9C9-BAF9-4699-8B79-4180467D44CE}"
EndProject
Global
	GlobalSection(SolutionConfigurationPlatforms) = preSolution
		Debug|x64 = Debug|x64
		Debug|x86 = Debug|x86
		Release|x64 = Release|x64
		Release|x86 = Release|x86
	EndGlobalSection
	GlobalSection(ProjectConfigurationPlatforms) = postSolution
		{A91DE9C9-BAF9-4699-8B79-4180467D44CE}.Debug|x64.ActiveCfg = Debug|x64
		{A91DE9C9-BAF9-4699-8B79-4180467D44CE}.Debug|x64.Build.0 = Debug|x64
		{A91DE9C9-BAF9-4699-8B79-4180467D44CE}.Debug|x86.ActiveCfg = Debug|Win32
		{A91DE9C9-BAF9-4699-8B79-4180467D44CE}.Debug|x86.Build.0 = Debug|Win32
		{A91DE9C9-BAF9-4699-8B79-4180467D44CE}.Release|x64.ActiveCfg = Release|x64
		{A91DE9C9-BAF9-4699-8B79-4180467D44CE}.Release|x64.Build.0 = Release|x64
		{A91DE9C9-BAF9-4699-8B79-4180467D44CE}.Release|x86.ActiveCfg = Release|Win32
		{A91DE9C9-BAF9-4699-8B79-4180467D44CE}.Release|x86.Build.0 = Release|Win32
	EndGlobalSection
	GlobalSection(SolutionProperties) = preSolution
		HideSolutionNode = FALSE
	EndGlobalSection
	GlobalSection(ExtensibilityGlobals) = postSolution
		SolutionGuid = {4770090B-71A0-4754-916D-B76CEF1C5ABA}
	EndGlobalSection
EndGlobal
